<?xml version="1.0" encoding="utf-8"?>
<Project ToolsVersion="4.0" xmlns="http://schemas.microsoft.com/developer/msbuild/2003">
  <ItemGroup>
    <Filter Include="Исходные файлы">
      <UniqueIdentifier>{4FC737F1-C7A5-4376-A066-2A32D752A2FF}</UniqueIdentifier>
      <Extensions>cpp;c;cc;cxx;c++;cppm;ixx;def;odl;idl;hpj;bat;asm;asmx</Extensions>
    </Filter>
    <Filter Include="Файлы заголовков">
      <UniqueIdentifier>{93995380-89BD-4b04-88EB-625FBE52EBFB}</UniqueIdentifier>
      <Extensions>h;hh;hpp;hxx;h++;hm;inl;inc;ipp;xsd</Extensions>
    </Filter>
    <Filter Include="Файлы ресурсов">
      <UniqueIdentifier>{67DA6AB6-F800-4c08-8B7A-83BB121AAD01}</UniqueIdentifier>
      <Extensions>rc;ico;cur;bmp;dlg;rc2;rct;bin;rgs;gif;jpg;jpeg;jpe;resx;tiff;tif;png;wav;mfcribbon-ms</Extensions>
    </Filter>
  </ItemGroup>
  <ItemGroup>
    <ClCompile Include="main.cpp">
      <Filter>Исходные файлы</Filter>
    </ClCompile>
    <ClCompile Include="Game.cpp">
      <Filter>Исходные файлы</Filter>
    </ClCompile>
    <ClCompile Include="GameState.cpp">
      <Filter>Исходные файлы</Filter>
    </ClCompile>
    <ClCompile Include="TextureManager.cpp">
      <Filter>Исходные файлы</Filter>
    </ClCompile>
    <ClCompile Include="GameStateStart.cpp">
      <Filter>Исходные файлы</Filter>
    </ClCompile>
    <ClCompile Include="GameStateCustomization.cpp">
      <Filter>Исходные файлы</Filter>
    </ClCompile>
    <ClCompile Include="GameStateSettings.cpp">
      <Filter>Исходные файлы</Filter>
    </ClCompile>
    <ClCompile Include="GameStateBattle.cpp">
      <Filter>Исходные файлы</Filter>
    </ClCompile>
    <ClCompile Include="Card.cpp">
      <Filter>Исходные файлы</Filter>
    </ClCompile>
    <ClCompile Include="game\Object.cpp">
      <Filter>Исходные файлы</Filter>
    </ClCompile>
    <ClCompile Include="gui\Button.cpp">
      <Filter>Исходные файлы</Filter>
    </ClCompile>
    <ClCompile Include="gui\Caption.cpp">
      <Filter>Исходные файлы</Filter>
    </ClCompile>
    <ClCompile Include="gui\CheckBox.cpp">
      <Filter>Исходные файлы</Filter>
    </ClCompile>
    <ClCompile Include="gui\Tab.cpp">
      <Filter>Исходные файлы</Filter>
    </ClCompile>
    <ClCompile Include="gui\Utility_SFML.cpp">
      <Filter>Исходные файлы</Filter>
    </ClCompile>
    <ClCompile Include="gui\Label.cpp">
      <Filter>Исходные файлы</Filter>
    </ClCompile>
    <ClCompile Include="gui\Tooltip.cpp">
      <Filter>Исходные файлы</Filter>
    </ClCompile>
    <ClCompile Include="GameStateTutorial.cpp">
      <Filter>Исходные файлы</Filter>
    </ClCompile>
    <ClCompile Include="gui\TextBox.cpp">
      <Filter>Исходные файлы</Filter>
    </ClCompile>
  </ItemGroup>
  <ItemGroup>
    <ClInclude Include="Game.h">
      <Filter>Файлы заголовков</Filter>
    </ClInclude>
    <ClInclude Include="GameState.h">
      <Filter>Файлы заголовков</Filter>
    </ClInclude>
    <ClInclude Include="TextureManager.h">
      <Filter>Файлы заголовков</Filter>
    </ClInclude>
    <ClInclude Include="GameStateStart.h">
      <Filter>Файлы заголовков</Filter>
    </ClInclude>
    <ClInclude Include="GameStateCustomization.h">
      <Filter>Файлы заголовков</Filter>
    </ClInclude>
    <ClInclude Include="GameStateSettings.h">
      <Filter>Файлы заголовков</Filter>
    </ClInclude>
    <ClInclude Include="GameStateBattle.h">
      <Filter>Файлы заголовков</Filter>
    </ClInclude>
    <ClInclude Include="Card.h">
      <Filter>Файлы заголовков</Filter>
    </ClInclude>
    <ClInclude Include="game\Object.h">
      <Filter>Файлы заголовков</Filter>
    </ClInclude>
    <ClInclude Include="gui\Button.h">
      <Filter>Файлы заголовков</Filter>
    </ClInclude>
    <ClInclude Include="gui\Caption.h">
      <Filter>Файлы заголовков</Filter>
    </ClInclude>
    <ClInclude Include="gui\CheckBox.h">
      <Filter>Файлы заголовков</Filter>
    </ClInclude>
    <ClInclude Include="gui\gui.h">
      <Filter>Файлы заголовков</Filter>
    </ClInclude>
    <ClInclude Include="gui\Tab.h">
      <Filter>Файлы заголовков</Filter>
    </ClInclude>
    <ClInclude Include="gui\Utility_SFML.h">
      <Filter>Файлы заголовков</Filter>
    </ClInclude>
    <ClInclude Include="gui\Label.h">
      <Filter>Файлы заголовков</Filter>
    </ClInclude>
    <ClInclude Include="gui\Tooltip.h">
      <Filter>Файлы заголовков</Filter>
    </ClInclude>
    <ClInclude Include="GameStateTutorial.h">
      <Filter>Файлы заголовков</Filter>
    </ClInclude>
    <ClInclude Include="gui\TextBox.h">
      <Filter>Файлы заголовков</Filter>
    </ClInclude>
  </ItemGroup>
</Project>